
Microsoft Visual Studio Solution File, Format Version 12.00
# Visual Studio Version 17
VisualStudioVersion = 17.1.32407.343
MinimumVisualStudioVersion = 10.0.40219.1
Project("{9092AA53-FB77-4645-B42D-1CCCA6BD08BD}") = "Flights", "..\Flights\Flights.njsproj", "{57B275D1-5F67-44FC-8458-AD80EA2ACC1E}"
EndProject
Project("{9092AA53-FB77-4645-B42D-1CCCA6BD08BD}") = "Keyboard", "Keyboard.njsproj", "{7EC72028-B8BB-4F67-8EF2-05241379E3D9}"
EndProject
Global
	GlobalSection(SolutionConfigurationPlatforms) = preSolution
		Debug|Any CPU = Debug|Any CPU
		Release|Any CPU = Release|Any CPU
	EndGlobalSection
	GlobalSection(ProjectConfigurationPlatforms) = postSolution
		{57B275D1-5F67-44FC-8458-AD80EA2ACC1E}.Debug|Any CPU.ActiveCfg = Debug|Any CPU
		{57B275D1-5F67-44FC-8458-AD80EA2ACC1E}.Debug|Any CPU.Build.0 = Debug|Any CPU
		{57B275D1-5F67-44FC-8458-AD80EA2ACC1E}.Release|Any CPU.ActiveCfg = Release|Any CPU
		{57B275D1-5F67-44FC-8458-AD80EA2ACC1E}.Release|Any CPU.Build.0 = Release|Any CPU
		{7EC72028-B8BB-4F67-8EF2-05241379E3D9}.Debug|Any CPU.ActiveCfg = Debug|Any CPU
		{7EC72028-B8BB-4F67-8EF2-05241379E3D9}.Debug|Any CPU.Build.0 = Debug|Any CPU
		{7EC72028-B8BB-4F67-8EF2-05241379E3D9}.Release|Any CPU.ActiveCfg = Release|Any CPU
		{7EC72028-B8BB-4F67-8EF2-05241379E3D9}.Release|Any CPU.Build.0 = Release|Any CPU
	EndGlobalSection
	GlobalSection(SolutionProperties) = preSolution
		HideSolutionNode = FALSE
	EndGlobalSection
	GlobalSection(ExtensibilityGlobals) = postSolution
		SolutionGuid = {D90497DB-FF79-43C3-96BA-363050A60A01}
	EndGlobalSection
EndGlobal
